
Microsoft Visual Studio Solution File, Format Version 12.00
# Visual Studio Version 17
VisualStudioVersion = 17.9.34723.18
MinimumVisualStudioVersion = 10.0.40219.1
Project("{2150E333-8FDC-42A3-9474-1A3956D46DE8}") = "CataLog.Services", "CataLog.Services", "{58FCB058-0690-4694-BD15-4A79FFE68A68}"
EndProject
Project("{2150E333-8FDC-42A3-9474-1A3956D46DE8}") = "ApiGatway", "ApiGatway", "{D95C8077-7F62-422E-8FAB-CECB94F9E271}"
EndProject
Project("{FAE04EC0-301F-11D3-BF4B-00C04F79EFBC}") = "ShippingServices.ApiGatway", "ShippingServices.ApiGatway\ShippingServices.ApiGatway.csproj", "{1A9E68CD-1A88-4809-9B15-9EE3DDCA442A}"
EndProject
Project("{FAE04EC0-301F-11D3-BF4B-00C04F79EFBC}") = "Catalog.Services.Api", "Catalog.Services.Api\Catalog.Services.Api.csproj", "{3B5A666A-DBBC-4FC5-A308-93A4DCFED249}"
EndProject
Project("{FAE04EC0-301F-11D3-BF4B-00C04F79EFBC}") = "Calalog.Services.Domain", "Calalog.Services.Domain\Calalog.Services.Domain.csproj", "{D8A4A3E2-7B14-4EB2-AF1A-0B67D8F762A8}"
EndProject
Global
	GlobalSection(SolutionConfigurationPlatforms) = preSolution
		Debug|Any CPU = Debug|Any CPU
		Release|Any CPU = Release|Any CPU
	EndGlobalSection
	GlobalSection(ProjectConfigurationPlatforms) = postSolution
		{1A9E68CD-1A88-4809-9B15-9EE3DDCA442A}.Debug|Any CPU.ActiveCfg = Debug|Any CPU
		{1A9E68CD-1A88-4809-9B15-9EE3DDCA442A}.Debug|Any CPU.Build.0 = Debug|Any CPU
		{1A9E68CD-1A88-4809-9B15-9EE3DDCA442A}.Release|Any CPU.ActiveCfg = Release|Any CPU
		{1A9E68CD-1A88-4809-9B15-9EE3DDCA442A}.Release|Any CPU.Build.0 = Release|Any CPU
		{3B5A666A-DBBC-4FC5-A308-93A4DCFED249}.Debug|Any CPU.ActiveCfg = Debug|Any CPU
		{3B5A666A-DBBC-4FC5-A308-93A4DCFED249}.Debug|Any CPU.Build.0 = Debug|Any CPU
		{3B5A666A-DBBC-4FC5-A308-93A4DCFED249}.Release|Any CPU.ActiveCfg = Release|Any CPU
		{3B5A666A-DBBC-4FC5-A308-93A4DCFED249}.Release|Any CPU.Build.0 = Release|Any CPU
		{D8A4A3E2-7B14-4EB2-AF1A-0B67D8F762A8}.Debug|Any CPU.ActiveCfg = Debug|Any CPU
		{D8A4A3E2-7B14-4EB2-AF1A-0B67D8F762A8}.Debug|Any CPU.Build.0 = Debug|Any CPU
		{D8A4A3E2-7B14-4EB2-AF1A-0B67D8F762A8}.Release|Any CPU.ActiveCfg = Release|Any CPU
		{D8A4A3E2-7B14-4EB2-AF1A-0B67D8F762A8}.Release|Any CPU.Build.0 = Release|Any CPU
	EndGlobalSection
	GlobalSection(SolutionProperties) = preSolution
		HideSolutionNode = FALSE
	EndGlobalSection
	GlobalSection(NestedProjects) = preSolution
		{1A9E68CD-1A88-4809-9B15-9EE3DDCA442A} = {D95C8077-7F62-422E-8FAB-CECB94F9E271}
		{3B5A666A-DBBC-4FC5-A308-93A4DCFED249} = {58FCB058-0690-4694-BD15-4A79FFE68A68}
		{D8A4A3E2-7B14-4EB2-AF1A-0B67D8F762A8} = {58FCB058-0690-4694-BD15-4A79FFE68A68}
	EndGlobalSection
	GlobalSection(ExtensibilityGlobals) = postSolution
		SolutionGuid = {6C2893C4-40DE-432C-B657-877EAE2FF324}
	EndGlobalSection
EndGlobal
